
Microsoft Visual Studio Solution File, Format Version 12.00
# Visual Studio Express 2012 for Windows Desktop
Project("{FAE04EC0-301F-11D3-BF4B-00C04F79EFBC}") = "ProvenSecure_DARPA_CFT_2013", "ProvenSecure_DARPA_CFT_2013\ProvenSecure_DARPA_CFT_2013.csproj", "{5A532FCC-18E5-4823-B1C3-227710037514}"
EndProject
Global
	GlobalSection(SolutionConfigurationPlatforms) = preSolution
		Debug|Any CPU = Debug|Any CPU
		Release|Any CPU = Release|Any CPU
	EndGlobalSection
	GlobalSection(ProjectConfigurationPlatforms) = postSolution
		{5A532FCC-18E5-4823-B1C3-227710037514}.Debug|Any CPU.ActiveCfg = Debug|Any CPU
		{5A532FCC-18E5-4823-B1C3-227710037514}.Debug|Any CPU.Build.0 = Debug|Any CPU
		{5A532FCC-18E5-4823-B1C3-227710037514}.Release|Any CPU.ActiveCfg = Release|Any CPU
		{5A532FCC-18E5-4823-B1C3-227710037514}.Release|Any CPU.Build.0 = Release|Any CPU
	EndGlobalSection
	GlobalSection(SolutionProperties) = preSolution
		HideSolutionNode = FALSE
	EndGlobalSection
EndGlobal
